
Microsoft Visual Studio Solution File, Format Version 12.00
# Visual Studio 2012
Project("{FAE04EC0-301F-11D3-BF4B-00C04F79EFBC}") = "ThreadDemo1", "ThreadDemo1\ThreadDemo1.csproj", "{B6F01C2B-BE23-482E-8B16-D572AB2483FD}"
EndProject
Global
	GlobalSection(SolutionConfigurationPlatforms) = preSolution
		Debug|Any CPU = Debug|Any CPU
		Release|Any CPU = Release|Any CPU
	EndGlobalSection
	GlobalSection(ProjectConfigurationPlatforms) = postSolution
		{B6F01C2B-BE23-482E-8B16-D572AB2483FD}.Debug|Any CPU.ActiveCfg = Debug|Any CPU
		{B6F01C2B-BE23-482E-8B16-D572AB2483FD}.Debug|Any CPU.Build.0 = Debug|Any CPU
		{B6F01C2B-BE23-482E-8B16-D572AB2483FD}.Release|Any CPU.ActiveCfg = Release|Any CPU
		{B6F01C2B-BE23-482E-8B16-D572AB2483FD}.Release|Any CPU.Build.0 = Release|Any CPU
	EndGlobalSection
	GlobalSection(SolutionProperties) = preSolution
		HideSolutionNode = FALSE
	EndGlobalSection
EndGlobal
