
Microsoft Visual Studio Solution File, Format Version 12.00
# Visual Studio 2012
Project("{FAE04EC0-301F-11D3-BF4B-00C04F79EFBC}") = "WPFSample1", "WPFSample1\WPFSample1.csproj", "{BE1136F6-4E84-4861-A8F7-5FA5FA03347E}"
EndProject
Project("{FAE04EC0-301F-11D3-BF4B-00C04F79EFBC}") = "Loginsample", "Loginsample\Loginsample.csproj", "{E883BBFA-56A5-44DB-BC68-8B3444344DED}"
EndProject
Project("{F184B08F-C81C-45F6-A57F-5ABD9991F28F}") = "LayoutDemo", "LayoutDemo\LayoutDemo.vbproj", "{F7FA829A-554A-4CDC-BF19-806B5B686834}"
EndProject
Global
	GlobalSection(SolutionConfigurationPlatforms) = preSolution
		Debug|Any CPU = Debug|Any CPU
		Release|Any CPU = Release|Any CPU
	EndGlobalSection
	GlobalSection(ProjectConfigurationPlatforms) = postSolution
		{BE1136F6-4E84-4861-A8F7-5FA5FA03347E}.Debug|Any CPU.ActiveCfg = Debug|Any CPU
		{BE1136F6-4E84-4861-A8F7-5FA5FA03347E}.Debug|Any CPU.Build.0 = Debug|Any CPU
		{BE1136F6-4E84-4861-A8F7-5FA5FA03347E}.Release|Any CPU.ActiveCfg = Release|Any CPU
		{BE1136F6-4E84-4861-A8F7-5FA5FA03347E}.Release|Any CPU.Build.0 = Release|Any CPU
		{E883BBFA-56A5-44DB-BC68-8B3444344DED}.Debug|Any CPU.ActiveCfg = Debug|Any CPU
		{E883BBFA-56A5-44DB-BC68-8B3444344DED}.Debug|Any CPU.Build.0 = Debug|Any CPU
		{E883BBFA-56A5-44DB-BC68-8B3444344DED}.Release|Any CPU.ActiveCfg = Release|Any CPU
		{E883BBFA-56A5-44DB-BC68-8B3444344DED}.Release|Any CPU.Build.0 = Release|Any CPU
		{F7FA829A-554A-4CDC-BF19-806B5B686834}.Debug|Any CPU.ActiveCfg = Debug|Any CPU
		{F7FA829A-554A-4CDC-BF19-806B5B686834}.Debug|Any CPU.Build.0 = Debug|Any CPU
		{F7FA829A-554A-4CDC-BF19-806B5B686834}.Release|Any CPU.ActiveCfg = Release|Any CPU
		{F7FA829A-554A-4CDC-BF19-806B5B686834}.Release|Any CPU.Build.0 = Release|Any CPU
	EndGlobalSection
	GlobalSection(SolutionProperties) = preSolution
		HideSolutionNode = FALSE
	EndGlobalSection
EndGlobal
